
Microsoft Visual Studio Solution File, Format Version 12.00
Project("{FAE04EC0-301F-11D3-BF4B-00C04F79EFBC}") = "Reflection", "Reflection.csproj", "{13A89F5C-DF42-439D-B66C-3EA3ECDBFCEA}"
EndProject
Global
	GlobalSection(SolutionConfigurationPlatforms) = preSolution
		Debug|Any CPU = Debug|Any CPU
		Release|Any CPU = Release|Any CPU
	EndGlobalSection
	GlobalSection(ProjectConfigurationPlatforms) = postSolution
		{13A89F5C-DF42-439D-B66C-3EA3ECDBFCEA}.Debug|Any CPU.ActiveCfg = Debug|Any CPU
		{13A89F5C-DF42-439D-B66C-3EA3ECDBFCEA}.Debug|Any CPU.Build.0 = Debug|Any CPU
		{13A89F5C-DF42-439D-B66C-3EA3ECDBFCEA}.Release|Any CPU.ActiveCfg = Release|Any CPU
		{13A89F5C-DF42-439D-B66C-3EA3ECDBFCEA}.Release|Any CPU.Build.0 = Release|Any CPU
	EndGlobalSection
EndGlobal
